// !$*UTF8*$!
{
	archiveVersion = 1;
	classes = {
	};
	objectVersion = 56;
	objects = {

/* Begin PBXBuildFile section */
		3CD8E61129ACDB6700CD8197 /* crudphpApp.swift in Sources */ = {isa = PBXBuildFile; fileRef = 3CD8E61029ACDB6700CD8197 /* crudphpApp.swift */; };
		3CD8E61329ACDB6700CD8197 /* ContentView.swift in Sources */ = {isa = PBXBuildFile; fileRef = 3CD8E61229ACDB6700CD8197 /* ContentView.swift */; };
		3CD8E61529ACDB6900CD8197 /* Assets.xcassets in Resources */ = {isa = PBXBuildFile; fileRef = 3CD8E61429ACDB6900CD8197 /* Assets.xcassets */; };
		3CD8E61829ACDB6900CD8197 /* Preview Assets.xcassets in Resources */ = {isa = PBXBuildFile; fileRef = 3CD8E61729ACDB6900CD8197 /* Preview Assets.xcassets */; };
		3CD8E62029ACDBF200CD8197 /* Alamofire in Frameworks */ = {isa = PBXBuildFile; productRef = 3CD8E61F29ACDBF200CD8197 /* Alamofire */; };
		3CD8E62629ACDD8400CD8197 /* Home.swift in Sources */ = {isa = PBXBuildFile; fileRef = 3CD8E62529ACDD8400CD8197 /* Home.swift */; };
		3CD8E62829ACDDB000CD8197 /* PostView.swift in Sources */ = {isa = PBXBuildFile; fileRef = 3CD8E62729ACDDB000CD8197 /* PostView.swift */; };
		3CD8E62A29ACDDC300CD8197 /* EditView.swift in Sources */ = {isa = PBXBuildFile; fileRef = 3CD8E62929ACDDC300CD8197 /* EditView.swift */; };
		3CD8E62C29ACDDDA00CD8197 /* DetailView.swift in Sources */ = {isa = PBXBuildFile; fileRef = 3CD8E62B29ACDDDA00CD8197 /* DetailView.swift */; };
		3CD8E62E29ACDE1C00CD8197 /* Posts.swift in Sources */ = {isa = PBXBuildFile; fileRef = 3CD8E62D29ACDE1C00CD8197 /* Posts.swift */; };
		3CD8E63029ACDE3C00CD8197 /* Crud.swift in Sources */ = {isa = PBXBuildFile; fileRef = 3CD8E62F29ACDE3C00CD8197 /* Crud.swift */; };
		3CD8E63229ACF2EB00CD8197 /* ImagePicker.swift in Sources */ = {isa = PBXBuildFile; fileRef = 3CD8E63129ACF2EB00CD8197 /* ImagePicker.swift */; };
/* End PBXBuildFile section */

/* Begin PBXFileReference section */
		3CD8E60D29ACDB6700CD8197 /* crudphp.app */ = {isa = PBXFileReference; explicitFileType = wrapper.application; includeInIndex = 0; path = crudphp.app; sourceTree = BUILT_PRODUCTS_DIR; };
		3CD8E61029ACDB6700CD8197 /* crudphpApp.swift */ = {isa = PBXFileReference; lastKnownFileType = sourcecode.swift; path = crudphpApp.swift; sourceTree = "<group>"; };
		3CD8E61229ACDB6700CD8197 /* ContentView.swift */ = {isa = PBXFileReference; lastKnownFileType = sourcecode.swift; path = ContentView.swift; sourceTree = "<group>"; };
		3CD8E61429ACDB6900CD8197 /* Assets.xcassets */ = {isa = PBXFileReference; lastKnownFileType = folder.assetcatalog; path = Assets.xcassets; sourceTree = "<group>"; };
		3CD8E61729ACDB6900CD8197 /* Preview Assets.xcassets */ = {isa = PBXFileReference; lastKnownFileType = folder.assetcatalog; path = "Preview Assets.xcassets"; sourceTree = "<group>"; };
		3CD8E62129ACDC7A00CD8197 /* Info.plist */ = {isa = PBXFileReference; lastKnownFileType = text.plist; path = Info.plist; sourceTree = "<group>"; };
		3CD8E62529ACDD8400CD8197 /* Home.swift */ = {isa = PBXFileReference; lastKnownFileType = sourcecode.swift; path = Home.swift; sourceTree = "<group>"; };
		3CD8E62729ACDDB000CD8197 /* PostView.swift */ = {isa = PBXFileReference; lastKnownFileType = sourcecode.swift; path = PostView.swift; sourceTree = "<group>"; };
		3CD8E62929ACDDC300CD8197 /* EditView.swift */ = {isa = PBXFileReference; lastKnownFileType = sourcecode.swift; path = EditView.swift; sourceTree = "<group>"; };
		3CD8E62B29ACDDDA00CD8197 /* DetailView.swift */ = {isa = PBXFileReference; lastKnownFileType = sourcecode.swift; path = DetailView.swift; sourceTree = "<group>"; };
		3CD8E62D29ACDE1C00CD8197 /* Posts.swift */ = {isa = PBXFileReference; lastKnownFileType = sourcecode.swift; path = Posts.swift; sourceTree = "<group>"; };
		3CD8E62F29ACDE3C00CD8197 /* Crud.swift */ = {isa = PBXFileReference; lastKnownFileType = sourcecode.swift; path = Crud.swift; sourceTree = "<group>"; };
		3CD8E63129ACF2EB00CD8197 /* ImagePicker.swift */ = {isa = PBXFileReference; lastKnownFileType = sourcecode.swift; path = ImagePicker.swift; sourceTree = "<group>"; };
/* End PBXFileReference section */

/* Begin PBXFrameworksBuildPhase section */
		3CD8E60A29ACDB6700CD8197 /* Frameworks */ = {
			isa = PBXFrameworksBuildPhase;
			buildActionMask = 2147483647;
			files = (
				3CD8E62029ACDBF200CD8197 /* Alamofire in Frameworks */,
			);
			runOnlyForDeploymentPostprocessing = 0;
		};
/* End PBXFrameworksBuildPhase section */

/* Begin PBXGroup section */
		3CD8E60429ACDB6700CD8197 = {
			isa = PBXGroup;
			children = (
				3CD8E60F29ACDB6700CD8197 /* crudphp */,
				3CD8E60E29ACDB6700CD8197 /* Products */,
			);
			sourceTree = "<group>";
		};
		3CD8E60E29ACDB6700CD8197 /* Products */ = {
			isa = PBXGroup;
			children = (
				3CD8E60D29ACDB6700CD8197 /* crudphp.app */,
			);
			name = Products;
			sourceTree = "<group>";
		};
		3CD8E60F29ACDB6700CD8197 /* crudphp */ = {
			isa = PBXGroup;
			children = (
				3CD8E62429ACDD6200CD8197 /* viewmodels */,
				3CD8E62329ACDD5700CD8197 /* models */,
				3CD8E62229ACDD4C00CD8197 /* views */,
				3CD8E61029ACDB6700CD8197 /* crudphpApp.swift */,
				3CD8E61229ACDB6700CD8197 /* ContentView.swift */,
				3CD8E61429ACDB6900CD8197 /* Assets.xcassets */,
				3CD8E62129ACDC7A00CD8197 /* Info.plist */,
				3CD8E61629ACDB6900CD8197 /* Preview Content */,
				3CD8E63129ACF2EB00CD8197 /* ImagePicker.swift */,
			);
			path = crudphp;
			sourceTree = "<group>";
		};
		3CD8E61629ACDB6900CD8197 /* Preview Content */ = {
			isa = PBXGroup;
			children = (
				3CD8E61729ACDB6900CD8197 /* Preview Assets.xcassets */,
			);
			path = "Preview Content";
			sourceTree = "<group>";
		};
		3CD8E62229ACDD4C00CD8197 /* views */ = {
			isa = PBXGroup;
			children = (
				3CD8E62529ACDD8400CD8197 /* Home.swift */,
				3CD8E62729ACDDB000CD8197 /* PostView.swift */,
				3CD8E62929ACDDC300CD8197 /* EditView.swift */,
				3CD8E62B29ACDDDA00CD8197 /* DetailView.swift */,
			);
			path = views;
			sourceTree = "<group>";
		};
		3CD8E62329ACDD5700CD8197 /* models */ = {
			isa = PBXGroup;
			children = (
				3CD8E62D29ACDE1C00CD8197 /* Posts.swift */,
			);
			path = models;
			sourceTree = "<group>";
		};
		3CD8E62429ACDD6200CD8197 /* viewmodels */ = {
			isa = PBXGroup;
			children = (
				3CD8E62F29ACDE3C00CD8197 /* Crud.swift */,
			);
			path = viewmodels;
			sourceTree = "<group>";
		};
/* End PBXGroup section */

/* Begin PBXNativeTarget section */
		3CD8E60C29ACDB6700CD8197 /* crudphp */ = {
			isa = PBXNativeTarget;
			buildConfigurationList = 3CD8E61B29ACDB6900CD8197 /* Build configuration list for PBXNativeTarget "crudphp" */;
			buildPhases = (
				3CD8E60929ACDB6700CD8197 /* Sources */,
				3CD8E60A29ACDB6700CD8197 /* Frameworks */,
				3CD8E60B29ACDB6700CD8197 /* Resources */,
			);
			buildRules = (
			);
			dependencies = (
			);
			name = crudphp;
			packageProductDependencies = (
				3CD8E61F29ACDBF200CD8197 /* Alamofire */,
			);
			productName = crudphp;
			productReference = 3CD8E60D29ACDB6700CD8197 /* crudphp.app */;
			productType = "com.apple.product-type.application";
		};
/* End PBXNativeTarget section */

/* Begin PBXProject section */
		3CD8E60529ACDB6700CD8197 /* Project object */ = {
			isa = PBXProject;
			attributes = {
				BuildIndependentTargetsInParallel = 1;
				LastSwiftUpdateCheck = 1420;
				LastUpgradeCheck = 1420;
				TargetAttributes = {
					3CD8E60C29ACDB6700CD8197 = {
						CreatedOnToolsVersion = 14.2;
					};
				};
			};
			buildConfigurationList = 3CD8E60829ACDB6700CD8197 /* Build configuration list for PBXProject "crudphp" */;
			compatibilityVersion = "Xcode 14.0";
			developmentRegion = en;
			hasScannedForEncodings = 0;
			knownRegions = (
				en,
				Base,
			);
			mainGroup = 3CD8E60429ACDB6700CD8197;
			packageReferences = (
				3CD8E61E29ACDBF200CD8197 /* XCRemoteSwiftPackageReference "Alamofire" */,
			);
			productRefGroup = 3CD8E60E29ACDB6700CD8197 /* Products */;
			projectDirPath = "";
			projectRoot = "";
			targets = (
				3CD8E60C29ACDB6700CD8197 /* crudphp */,
			);
		};
/* End PBXProject section */

/* Begin PBXResourcesBuildPhase section */
		3CD8E60B29ACDB6700CD8197 /* Resources */ = {
			isa = PBXResourcesBuildPhase;
			buildActionMask = 2147483647;
			files = (
				3CD8E61829ACDB6900CD8197 /* Preview Assets.xcassets in Resources */,
				3CD8E61529ACDB6900CD8197 /* Assets.xcassets in Resources */,
			);
			runOnlyForDeploymentPostprocessing = 0;
		};
/* End PBXResourcesBuildPhase section */

/* Begin PBXSourcesBuildPhase section */
		3CD8E60929ACDB6700CD8197 /* Sources */ = {
			isa = PBXSourcesBuildPhase;
			buildActionMask = 2147483647;
			files = (
				3CD8E61329ACDB6700CD8197 /* ContentView.swift in Sources */,
				3CD8E62E29ACDE1C00CD8197 /* Posts.swift in Sources */,
				3CD8E62C29ACDDDA00CD8197 /* DetailView.swift in Sources */,
				3CD8E63229ACF2EB00CD8197 /* ImagePicker.swift in Sources */,
				3CD8E63029ACDE3C00CD8197 /* Crud.swift in Sources */,
				3CD8E62A29ACDDC300CD8197 /* EditView.swift in Sources */,
				3CD8E62629ACDD8400CD8197 /* Home.swift in Sources */,
				3CD8E62829ACDDB000CD8197 /* PostView.swift in Sources */,
				3CD8E61129ACDB6700CD8197 /* crudphpApp.swift in Sources */,
			);
			runOnlyForDeploymentPostprocessing = 0;
		};
/* End PBXSourcesBuildPhase section */

/* Begin XCBuildConfiguration section */
		3CD8E61929ACDB6900CD8197 /* Debug */ = {
			isa = XCBuildConfiguration;
			buildSettings = {
				ALWAYS_SEARCH_USER_PATHS = NO;
				CLANG_ANALYZER_NONNULL = YES;
				CLANG_ANALYZER_NUMBER_OBJECT_CONVERSION = YES_AGGRESSIVE;
				CLANG_CXX_LANGUAGE_STANDARD = "gnu++20";
				CLANG_ENABLE_MODULES = YES;
				CLANG_ENABLE_OBJC_ARC = YES;
				CLANG_ENABLE_OBJC_WEAK = YES;
				CLANG_WARN_BLOCK_CAPTURE_AUTORELEASING = YES;
				CLANG_WARN_BOOL_CONVERSION = YES;
				CLANG_WARN_COMMA = YES;
				CLANG_WARN_CONSTANT_CONVERSION = YES;
				CLANG_WARN_DEPRECATED_OBJC_IMPLEMENTATIONS = YES;
				CLANG_WARN_DIRECT_OBJC_ISA_USAGE = YES_ERROR;
				CLANG_WARN_DOCUMENTATION_COMMENTS = YES;
				CLANG_WARN_EMPTY_BODY = YES;
				CLANG_WARN_ENUM_CONVERSION = YES;
				CLANG_WARN_INFINITE_RECURSION = YES;
				CLANG_WARN_INT_CONVERSION = YES;
				CLANG_WARN_NON_LITERAL_NULL_CONVERSION = YES;
				CLANG_WARN_OBJC_IMPLICIT_RETAIN_SELF = YES;
				CLANG_WARN_OBJC_LITERAL_CONVERSION = YES;
				CLANG_WARN_OBJC_ROOT_CLASS = YES_ERROR;
				CLANG_WARN_QUOTED_INCLUDE_IN_FRAMEWORK_HEADER = YES;
				CLANG_WARN_RANGE_LOOP_ANALYSIS = YES;
				CLANG_WARN_STRICT_PROTOTYPES = YES;
				CLANG_WARN_SUSPICIOUS_MOVE = YES;
				CLANG_WARN_UNGUARDED_AVAILABILITY = YES_AGGRESSIVE;
				CLANG_WARN_UNREACHABLE_CODE = YES;
				CLANG_WARN__DUPLICATE_METHOD_MATCH = YES;
				COPY_PHASE_STRIP = NO;
				DEBUG_INFORMATION_FORMAT = dwarf;
				ENABLE_STRICT_OBJC_MSGSEND = YES;
				ENABLE_TESTABILITY = YES;
				GCC_C_LANGUAGE_STANDARD = gnu11;
				GCC_DYNAMIC_NO_PIC = NO;
				GCC_NO_COMMON_BLOCKS = YES;
				GCC_OPTIMIZATION_LEVEL = 0;
				GCC_PREPROCESSOR_DEFINITIONS = (
					"DEBUG=1",
					"$(inherited)",
				);
				GCC_WARN_64_TO_32_BIT_CONVERSION = YES;
				GCC_WARN_ABOUT_RETURN_TYPE = YES_ERROR;
				GCC_WARN_UNDECLARED_SELECTOR = YES;
				GCC_WARN_UNINITIALIZED_AUTOS = YES_AGGRESSIVE;
				GCC_WARN_UNUSED_FUNCTION = YES;
				GCC_WARN_UNUSED_VARIABLE = YES;
				IPHONEOS_DEPLOYMENT_TARGET = 16.2;
				MTL_ENABLE_DEBUG_INFO = INCLUDE_SOURCE;
				MTL_FAST_MATH = YES;
				ONLY_ACTIVE_ARCH = YES;
				SDKROOT = iphoneos;
				SWIFT_ACTIVE_COMPILATION_CONDITIONS = DEBUG;
				SWIFT_OPTIMIZATION_LEVEL = "-Onone";
			};
			name = Debug;
		};
		3CD8E61A29ACDB6900CD8197 /* Release */ = {
			isa = XCBuildConfiguration;
			buildSettings = {
				ALWAYS_SEARCH_USER_PATHS = NO;
				CLANG_ANALYZER_NONNULL = YES;
				CLANG_ANALYZER_NUMBER_OBJECT_CONVERSION = YES_AGGRESSIVE;
				CLANG_CXX_LANGUAGE_STANDARD = "gnu++20";
				CLANG_ENABLE_MODULES = YES;
				CLANG_ENABLE_OBJC_ARC = YES;
				CLANG_ENABLE_OBJC_WEAK = YES;
				CLANG_WARN_BLOCK_CAPTURE_AUTORELEASING = YES;
				CLANG_WARN_BOOL_CONVERSION = YES;
				CLANG_WARN_COMMA = YES;
				CLANG_WARN_CONSTANT_CONVERSION = YES;
				CLANG_WARN_DEPRECATED_OBJC_IMPLEMENTATIONS = YES;
				CLANG_WARN_DIRECT_OBJC_ISA_USAGE = YES_ERROR;
				CLANG_WARN_DOCUMENTATION_COMMENTS = YES;
				CLANG_WARN_EMPTY_BODY = YES;
				CLANG_WARN_ENUM_CONVERSION = YES;
				CLANG_WARN_INFINITE_RECURSION = YES;
				CLANG_WARN_INT_CONVERSION = YES;
				CLANG_WARN_NON_LITERAL_NULL_CONVERSION = YES;
				CLANG_WARN_OBJC_IMPLICIT_RETAIN_SELF = YES;
				CLANG_WARN_OBJC_LITERAL_CONVERSION = YES;
				CLANG_WARN_OBJC_ROOT_CLASS = YES_ERROR;
				CLANG_WARN_QUOTED_INCLUDE_IN_FRAMEWORK_HEADER = YES;
				CLANG_WARN_RANGE_LOOP_ANALYSIS = YES;
				CLANG_WARN_STRICT_PROTOTYPES = YES;
				CLANG_WARN_SUSPICIOUS_MOVE = YES;
				CLANG_WARN_UNGUARDED_AVAILABILITY = YES_AGGRESSIVE;
				CLANG_WARN_UNREACHABLE_CODE = YES;
				CLANG_WARN__DUPLICATE_METHOD_MATCH = YES;
				COPY_PHASE_STRIP = NO;
				DEBUG_INFORMATION_FORMAT = "dwarf-with-dsym";
				ENABLE_NS_ASSERTIONS = NO;
				ENABLE_STRICT_OBJC_MSGSEND = YES;
				GCC_C_LANGUAGE_STANDARD = gnu11;
				GCC_NO_COMMON_BLOCKS = YES;
				GCC_WARN_64_TO_32_BIT_CONVERSION = YES;
				GCC_WARN_ABOUT_RETURN_TYPE = YES_ERROR;
				GCC_WARN_UNDECLARED_SELECTOR = YES;
				GCC_WARN_UNINITIALIZED_AUTOS = YES_AGGRESSIVE;
				GCC_WARN_UNUSED_FUNCTION = YES;
				GCC_WARN_UNUSED_VARIABLE = YES;
				IPHONEOS_DEPLOYMENT_TARGET = 16.2;
				MTL_ENABLE_DEBUG_INFO = NO;
				MTL_FAST_MATH = YES;
				SDKROOT = iphoneos;
				SWIFT_COMPILATION_MODE = wholemodule;
				SWIFT_OPTIMIZATION_LEVEL = "-O";
				VALIDATE_PRODUCT = YES;
			};
			name = Release;
		};
		3CD8E61C29ACDB6900CD8197 /* Debug */ = {
			isa = XCBuildConfiguration;
			buildSettings = {
				ASSETCATALOG_COMPILER_APPICON_NAME = AppIcon;
				ASSETCATALOG_COMPILER_GLOBAL_ACCENT_COLOR_NAME = AccentColor;
				CODE_SIGN_STYLE = Automatic;
				CURRENT_PROJECT_VERSION = 1;
				DEVELOPMENT_ASSET_PATHS = "\"crudphp/Preview Content\"";
				DEVELOPMENT_TEAM = K62327QFK2;
				ENABLE_PREVIEWS = YES;
				GENERATE_INFOPLIST_FILE = YES;
				INFOPLIST_FILE = crudphp/Info.plist;
				INFOPLIST_KEY_UIApplicationSceneManifest_Generation = YES;
				INFOPLIST_KEY_UIApplicationSupportsIndirectInputEvents = YES;
				INFOPLIST_KEY_UILaunchScreen_Generation = YES;
				INFOPLIST_KEY_UISupportedInterfaceOrientations_iPad = "UIInterfaceOrientationPortrait UIInterfaceOrientationPortraitUpsideDown UIInterfaceOrientationLandscapeLeft UIInterfaceOrientationLandscapeRight";
				INFOPLIST_KEY_UISupportedInterfaceOrientations_iPhone = "UIInterfaceOrientationPortrait UIInterfaceOrientationLandscapeLeft UIInterfaceOrientationLandscapeRight";
				IPHONEOS_DEPLOYMENT_TARGET = 15.0;
				LD_RUNPATH_SEARCH_PATHS = (
					"$(inherited)",
					"@executable_path/Frameworks",
				);
				MARKETING_VERSION = 1.0;
				PRODUCT_BUNDLE_IDENTIFIER = com.yerycastro.crudphp;
				PRODUCT_NAME = "$(TARGET_NAME)";
				SWIFT_EMIT_LOC_STRINGS = YES;
				SWIFT_VERSION = 5.0;
				TARGETED_DEVICE_FAMILY = "1,2";
			};
			name = Debug;
		};
		3CD8E61D29ACDB6900CD8197 /* Release */ = {
			isa = XCBuildConfiguration;
			buildSettings = {
				ASSETCATALOG_COMPILER_APPICON_NAME = AppIcon;
				ASSETCATALOG_COMPILER_GLOBAL_ACCENT_COLOR_NAME = AccentColor;
				CODE_SIGN_STYLE = Automatic;
				CURRENT_PROJECT_VERSION = 1;
				DEVELOPMENT_ASSET_PATHS = "\"crudphp/Preview Content\"";
				DEVELOPMENT_TEAM = K62327QFK2;
				ENABLE_PREVIEWS = YES;
				GENERATE_INFOPLIST_FILE = YES;
				INFOPLIST_FILE = crudphp/Info.plist;
				INFOPLIST_KEY_UIApplicationSceneManifest_Generation = YES;
				INFOPLIST_KEY_UIApplicationSupportsIndirectInputEvents = YES;
				INFOPLIST_KEY_UILaunchScreen_Generation = YES;
				INFOPLIST_KEY_UISupportedInterfaceOrientations_iPad = "UIInterfaceOrientationPortrait UIInterfaceOrientationPortraitUpsideDown UIInterfaceOrientationLandscapeLeft UIInterfaceOrientationLandscapeRight";
				INFOPLIST_KEY_UISupportedInterfaceOrientations_iPhone = "UIInterfaceOrientationPortrait UIInterfaceOrientationLandscapeLeft UIInterfaceOrientationLandscapeRight";
				IPHONEOS_DEPLOYMENT_TARGET = 15.0;
				LD_RUNPATH_SEARCH_PATHS = (
					"$(inherited)",
					"@executable_path/Frameworks",
				);
				MARKETING_VERSION = 1.0;
				PRODUCT_BUNDLE_IDENTIFIER = com.yerycastro.crudphp;
				PRODUCT_NAME = "$(TARGET_NAME)";
				SWIFT_EMIT_LOC_STRINGS = YES;
				SWIFT_VERSION = 5.0;
				TARGETED_DEVICE_FAMILY = "1,2";
			};
			name = Release;
		};
/* End XCBuildConfiguration section */

/* Begin XCConfigurationList section */
		3CD8E60829ACDB6700CD8197 /* Build configuration list for PBXProject "crudphp" */ = {
			isa = XCConfigurationList;
			buildConfigurations = (
				3CD8E61929ACDB6900CD8197 /* Debug */,
				3CD8E61A29ACDB6900CD8197 /* Release */,
			);
			defaultConfigurationIsVisible = 0;
			defaultConfigurationName = Release;
		};
		3CD8E61B29ACDB6900CD8197 /* Build configuration list for PBXNativeTarget "crudphp" */ = {
			isa = XCConfigurationList;
			buildConfigurations = (
				3CD8E61C29ACDB6900CD8197 /* Debug */,
				3CD8E61D29ACDB6900CD8197 /* Release */,
			);
			defaultConfigurationIsVisible = 0;
			defaultConfigurationName = Release;
		};
/* End XCConfigurationList section */

/* Begin XCRemoteSwiftPackageReference section */
		3CD8E61E29ACDBF200CD8197 /* XCRemoteSwiftPackageReference "Alamofire" */ = {
			isa = XCRemoteSwiftPackageReference;
			repositoryURL = "https://github.com/Alamofire/Alamofire.git";
			requirement = {
				branch = master;
				kind = branch;
			};
		};
/* End XCRemoteSwiftPackageReference section */

/* Begin XCSwiftPackageProductDependency section */
		3CD8E61F29ACDBF200CD8197 /* Alamofire */ = {
			isa = XCSwiftPackageProductDependency;
			package = 3CD8E61E29ACDBF200CD8197 /* XCRemoteSwiftPackageReference "Alamofire" */;
			productName = Alamofire;
		};
/* End XCSwiftPackageProductDependency section */
	};
	rootObject = 3CD8E60529ACDB6700CD8197 /* Project object */;
}
